
Microsoft Visual Studio Solution File, Format Version 12.00
# Visual Studio 15
VisualStudioVersion = 15.0.27130.2036
MinimumVisualStudioVersion = 10.0.40219.1
Project("{8BC9CEB8-8B4A-11D0-8D11-00A0C91BC942}") = "thread", "thread\thread.vcxproj", "{B5250897-A1CB-44A2-890C-375002E3AE3C}"
EndProject
Project("{8BC9CEB8-8B4A-11D0-8D11-00A0C91BC942}") = "socket", "socket\socket.vcxproj", "{6012BA4F-5E4A-4011-8A51-FC74593988BF}"
EndProject
Global
	GlobalSection(SolutionConfigurationPlatforms) = preSolution
		Debug|x64 = Debug|x64
		Debug|x86 = Debug|x86
		Release|x64 = Release|x64
		Release|x86 = Release|x86
	EndGlobalSection
	GlobalSection(ProjectConfigurationPlatforms) = postSolution
		{B5250897-A1CB-44A2-890C-375002E3AE3C}.Debug|x64.ActiveCfg = Debug|x64
		{B5250897-A1CB-44A2-890C-375002E3AE3C}.Debug|x64.Build.0 = Debug|x64
		{B5250897-A1CB-44A2-890C-375002E3AE3C}.Debug|x86.ActiveCfg = Debug|Win32
		{B5250897-A1CB-44A2-890C-375002E3AE3C}.Debug|x86.Build.0 = Debug|Win32
		{B5250897-A1CB-44A2-890C-375002E3AE3C}.Release|x64.ActiveCfg = Release|x64
		{B5250897-A1CB-44A2-890C-375002E3AE3C}.Release|x64.Build.0 = Release|x64
		{B5250897-A1CB-44A2-890C-375002E3AE3C}.Release|x86.ActiveCfg = Release|Win32
		{B5250897-A1CB-44A2-890C-375002E3AE3C}.Release|x86.Build.0 = Release|Win32
		{6012BA4F-5E4A-4011-8A51-FC74593988BF}.Debug|x64.ActiveCfg = Debug|x64
		{6012BA4F-5E4A-4011-8A51-FC74593988BF}.Debug|x64.Build.0 = Debug|x64
		{6012BA4F-5E4A-4011-8A51-FC74593988BF}.Debug|x86.ActiveCfg = Debug|Win32
		{6012BA4F-5E4A-4011-8A51-FC74593988BF}.Debug|x86.Build.0 = Debug|Win32
		{6012BA4F-5E4A-4011-8A51-FC74593988BF}.Release|x64.ActiveCfg = Release|x64
		{6012BA4F-5E4A-4011-8A51-FC74593988BF}.Release|x64.Build.0 = Release|x64
		{6012BA4F-5E4A-4011-8A51-FC74593988BF}.Release|x86.ActiveCfg = Release|Win32
		{6012BA4F-5E4A-4011-8A51-FC74593988BF}.Release|x86.Build.0 = Release|Win32
	EndGlobalSection
	GlobalSection(SolutionProperties) = preSolution
		HideSolutionNode = FALSE
	EndGlobalSection
	GlobalSection(ExtensibilityGlobals) = postSolution
		SolutionGuid = {DB2181DC-52A8-4586-9B31-48BE903FCCBB}
	EndGlobalSection
EndGlobal
