
Microsoft Visual Studio Solution File, Format Version 12.00
# Visual Studio 15
VisualStudioVersion = 15.0.27130.2036
MinimumVisualStudioVersion = 10.0.40219.1
Project("{8BC9CEB8-8B4A-11D0-8D11-00A0C91BC942}") = "thread", "thread\thread.vcxproj", "{B5250897-A1CB-44A2-890C-375002E3AE3C}"
EndProject
Project("{8BC9CEB8-8B4A-11D0-8D11-00A0C91BC942}") = "socket", "socket\socket.vcxproj", "{6012BA4F-5E4A-4011-8A51-FC74593988BF}"
EndProject
Project("{8BC9CEB8-8B4A-11D0-8D11-00A0C91BC942}") = "common", "common\common.vcxproj", "{22265B41-65C6-47C1-B3AF-0AF26BB5721C}"
EndProject
Project("{8BC9CEB8-8B4A-11D0-8D11-00A0C91BC942}") = "datastruct", "datastruct\datastruct.vcxproj", "{456AFDA1-6BD0-4715-9DFC-6AF9BCAB65DF}"
EndProject
Project("{8BC9CEB8-8B4A-11D0-8D11-00A0C91BC942}") = "algorithm", "algorithm\algorithm.vcxproj", "{995998A0-1407-47CD-B39F-541A77B2F544}"
EndProject
Project("{8BC9CEB8-8B4A-11D0-8D11-00A0C91BC942}") = "coroutine", "coroutine\coroutine.vcxproj", "{FB62EBF5-D085-476E-B38D-E46C74633141}"
EndProject
Project("{8BC9CEB8-8B4A-11D0-8D11-00A0C91BC942}") = "command", "command\command.vcxproj", "{68EF7DBB-1A97-46CA-8845-41AD9EC976BF}"
EndProject
Project("{8BC9CEB8-8B4A-11D0-8D11-00A0C91BC942}") = "log", "log\log.vcxproj", "{4241CDF1-0A5D-4FA1-A4BD-DC8EE10FCA6D}"
EndProject
Project("{8BC9CEB8-8B4A-11D0-8D11-00A0C91BC942}") = "protocol", "protocol\protocol.vcxproj", "{5E536214-B055-4302-980C-A8772AFD7EDB}"
EndProject
Project("{8BC9CEB8-8B4A-11D0-8D11-00A0C91BC942}") = "process", "process\process.vcxproj", "{1795114C-F588-4346-84C5-22E6E10D3913}"
EndProject
Project("{8BC9CEB8-8B4A-11D0-8D11-00A0C91BC942}") = "dataformat", "dataformat\dataformat.vcxproj", "{A879884F-5CB1-409A-A381-8DE391988D29}"
EndProject
Global
	GlobalSection(SolutionConfigurationPlatforms) = preSolution
		Debug|x64 = Debug|x64
		Debug|x86 = Debug|x86
		Release|x64 = Release|x64
		Release|x86 = Release|x86
	EndGlobalSection
	GlobalSection(ProjectConfigurationPlatforms) = postSolution
		{B5250897-A1CB-44A2-890C-375002E3AE3C}.Debug|x64.ActiveCfg = Debug|x64
		{B5250897-A1CB-44A2-890C-375002E3AE3C}.Debug|x64.Build.0 = Debug|x64
		{B5250897-A1CB-44A2-890C-375002E3AE3C}.Debug|x86.ActiveCfg = Debug|Win32
		{B5250897-A1CB-44A2-890C-375002E3AE3C}.Debug|x86.Build.0 = Debug|Win32
		{B5250897-A1CB-44A2-890C-375002E3AE3C}.Release|x64.ActiveCfg = Release|x64
		{B5250897-A1CB-44A2-890C-375002E3AE3C}.Release|x64.Build.0 = Release|x64
		{B5250897-A1CB-44A2-890C-375002E3AE3C}.Release|x86.ActiveCfg = Release|Win32
		{B5250897-A1CB-44A2-890C-375002E3AE3C}.Release|x86.Build.0 = Release|Win32
		{6012BA4F-5E4A-4011-8A51-FC74593988BF}.Debug|x64.ActiveCfg = Debug|x64
		{6012BA4F-5E4A-4011-8A51-FC74593988BF}.Debug|x64.Build.0 = Debug|x64
		{6012BA4F-5E4A-4011-8A51-FC74593988BF}.Debug|x86.ActiveCfg = Debug|Win32
		{6012BA4F-5E4A-4011-8A51-FC74593988BF}.Debug|x86.Build.0 = Debug|Win32
		{6012BA4F-5E4A-4011-8A51-FC74593988BF}.Release|x64.ActiveCfg = Release|x64
		{6012BA4F-5E4A-4011-8A51-FC74593988BF}.Release|x64.Build.0 = Release|x64
		{6012BA4F-5E4A-4011-8A51-FC74593988BF}.Release|x86.ActiveCfg = Release|Win32
		{6012BA4F-5E4A-4011-8A51-FC74593988BF}.Release|x86.Build.0 = Release|Win32
		{22265B41-65C6-47C1-B3AF-0AF26BB5721C}.Debug|x64.ActiveCfg = Debug|x64
		{22265B41-65C6-47C1-B3AF-0AF26BB5721C}.Debug|x64.Build.0 = Debug|x64
		{22265B41-65C6-47C1-B3AF-0AF26BB5721C}.Debug|x86.ActiveCfg = Debug|Win32
		{22265B41-65C6-47C1-B3AF-0AF26BB5721C}.Debug|x86.Build.0 = Debug|Win32
		{22265B41-65C6-47C1-B3AF-0AF26BB5721C}.Release|x64.ActiveCfg = Release|x64
		{22265B41-65C6-47C1-B3AF-0AF26BB5721C}.Release|x64.Build.0 = Release|x64
		{22265B41-65C6-47C1-B3AF-0AF26BB5721C}.Release|x86.ActiveCfg = Release|Win32
		{22265B41-65C6-47C1-B3AF-0AF26BB5721C}.Release|x86.Build.0 = Release|Win32
		{456AFDA1-6BD0-4715-9DFC-6AF9BCAB65DF}.Debug|x64.ActiveCfg = Debug|x64
		{456AFDA1-6BD0-4715-9DFC-6AF9BCAB65DF}.Debug|x64.Build.0 = Debug|x64
		{456AFDA1-6BD0-4715-9DFC-6AF9BCAB65DF}.Debug|x86.ActiveCfg = Debug|Win32
		{456AFDA1-6BD0-4715-9DFC-6AF9BCAB65DF}.Debug|x86.Build.0 = Debug|Win32
		{456AFDA1-6BD0-4715-9DFC-6AF9BCAB65DF}.Release|x64.ActiveCfg = Release|x64
		{456AFDA1-6BD0-4715-9DFC-6AF9BCAB65DF}.Release|x64.Build.0 = Release|x64
		{456AFDA1-6BD0-4715-9DFC-6AF9BCAB65DF}.Release|x86.ActiveCfg = Release|Win32
		{456AFDA1-6BD0-4715-9DFC-6AF9BCAB65DF}.Release|x86.Build.0 = Release|Win32
		{995998A0-1407-47CD-B39F-541A77B2F544}.Debug|x64.ActiveCfg = Debug|x64
		{995998A0-1407-47CD-B39F-541A77B2F544}.Debug|x64.Build.0 = Debug|x64
		{995998A0-1407-47CD-B39F-541A77B2F544}.Debug|x86.ActiveCfg = Debug|Win32
		{995998A0-1407-47CD-B39F-541A77B2F544}.Debug|x86.Build.0 = Debug|Win32
		{995998A0-1407-47CD-B39F-541A77B2F544}.Release|x64.ActiveCfg = Release|x64
		{995998A0-1407-47CD-B39F-541A77B2F544}.Release|x64.Build.0 = Release|x64
		{995998A0-1407-47CD-B39F-541A77B2F544}.Release|x86.ActiveCfg = Release|Win32
		{995998A0-1407-47CD-B39F-541A77B2F544}.Release|x86.Build.0 = Release|Win32
		{FB62EBF5-D085-476E-B38D-E46C74633141}.Debug|x64.ActiveCfg = Debug|x64
		{FB62EBF5-D085-476E-B38D-E46C74633141}.Debug|x64.Build.0 = Debug|x64
		{FB62EBF5-D085-476E-B38D-E46C74633141}.Debug|x86.ActiveCfg = Debug|Win32
		{FB62EBF5-D085-476E-B38D-E46C74633141}.Debug|x86.Build.0 = Debug|Win32
		{FB62EBF5-D085-476E-B38D-E46C74633141}.Release|x64.ActiveCfg = Release|x64
		{FB62EBF5-D085-476E-B38D-E46C74633141}.Release|x64.Build.0 = Release|x64
		{FB62EBF5-D085-476E-B38D-E46C74633141}.Release|x86.ActiveCfg = Release|Win32
		{FB62EBF5-D085-476E-B38D-E46C74633141}.Release|x86.Build.0 = Release|Win32
		{68EF7DBB-1A97-46CA-8845-41AD9EC976BF}.Debug|x64.ActiveCfg = Debug|x64
		{68EF7DBB-1A97-46CA-8845-41AD9EC976BF}.Debug|x64.Build.0 = Debug|x64
		{68EF7DBB-1A97-46CA-8845-41AD9EC976BF}.Debug|x86.ActiveCfg = Debug|Win32
		{68EF7DBB-1A97-46CA-8845-41AD9EC976BF}.Debug|x86.Build.0 = Debug|Win32
		{68EF7DBB-1A97-46CA-8845-41AD9EC976BF}.Release|x64.ActiveCfg = Release|x64
		{68EF7DBB-1A97-46CA-8845-41AD9EC976BF}.Release|x64.Build.0 = Release|x64
		{68EF7DBB-1A97-46CA-8845-41AD9EC976BF}.Release|x86.ActiveCfg = Release|Win32
		{68EF7DBB-1A97-46CA-8845-41AD9EC976BF}.Release|x86.Build.0 = Release|Win32
		{4241CDF1-0A5D-4FA1-A4BD-DC8EE10FCA6D}.Debug|x64.ActiveCfg = Debug|x64
		{4241CDF1-0A5D-4FA1-A4BD-DC8EE10FCA6D}.Debug|x64.Build.0 = Debug|x64
		{4241CDF1-0A5D-4FA1-A4BD-DC8EE10FCA6D}.Debug|x86.ActiveCfg = Debug|Win32
		{4241CDF1-0A5D-4FA1-A4BD-DC8EE10FCA6D}.Debug|x86.Build.0 = Debug|Win32
		{4241CDF1-0A5D-4FA1-A4BD-DC8EE10FCA6D}.Release|x64.ActiveCfg = Release|x64
		{4241CDF1-0A5D-4FA1-A4BD-DC8EE10FCA6D}.Release|x64.Build.0 = Release|x64
		{4241CDF1-0A5D-4FA1-A4BD-DC8EE10FCA6D}.Release|x86.ActiveCfg = Release|Win32
		{4241CDF1-0A5D-4FA1-A4BD-DC8EE10FCA6D}.Release|x86.Build.0 = Release|Win32
		{5E536214-B055-4302-980C-A8772AFD7EDB}.Debug|x64.ActiveCfg = Debug|x64
		{5E536214-B055-4302-980C-A8772AFD7EDB}.Debug|x64.Build.0 = Debug|x64
		{5E536214-B055-4302-980C-A8772AFD7EDB}.Debug|x86.ActiveCfg = Debug|Win32
		{5E536214-B055-4302-980C-A8772AFD7EDB}.Debug|x86.Build.0 = Debug|Win32
		{5E536214-B055-4302-980C-A8772AFD7EDB}.Release|x64.ActiveCfg = Release|x64
		{5E536214-B055-4302-980C-A8772AFD7EDB}.Release|x64.Build.0 = Release|x64
		{5E536214-B055-4302-980C-A8772AFD7EDB}.Release|x86.ActiveCfg = Release|Win32
		{5E536214-B055-4302-980C-A8772AFD7EDB}.Release|x86.Build.0 = Release|Win32
		{1795114C-F588-4346-84C5-22E6E10D3913}.Debug|x64.ActiveCfg = Debug|x64
		{1795114C-F588-4346-84C5-22E6E10D3913}.Debug|x64.Build.0 = Debug|x64
		{1795114C-F588-4346-84C5-22E6E10D3913}.Debug|x86.ActiveCfg = Debug|Win32
		{1795114C-F588-4346-84C5-22E6E10D3913}.Debug|x86.Build.0 = Debug|Win32
		{1795114C-F588-4346-84C5-22E6E10D3913}.Release|x64.ActiveCfg = Release|x64
		{1795114C-F588-4346-84C5-22E6E10D3913}.Release|x64.Build.0 = Release|x64
		{1795114C-F588-4346-84C5-22E6E10D3913}.Release|x86.ActiveCfg = Release|Win32
		{1795114C-F588-4346-84C5-22E6E10D3913}.Release|x86.Build.0 = Release|Win32
		{A879884F-5CB1-409A-A381-8DE391988D29}.Debug|x64.ActiveCfg = Debug|x64
		{A879884F-5CB1-409A-A381-8DE391988D29}.Debug|x64.Build.0 = Debug|x64
		{A879884F-5CB1-409A-A381-8DE391988D29}.Debug|x86.ActiveCfg = Debug|Win32
		{A879884F-5CB1-409A-A381-8DE391988D29}.Debug|x86.Build.0 = Debug|Win32
		{A879884F-5CB1-409A-A381-8DE391988D29}.Release|x64.ActiveCfg = Release|x64
		{A879884F-5CB1-409A-A381-8DE391988D29}.Release|x64.Build.0 = Release|x64
		{A879884F-5CB1-409A-A381-8DE391988D29}.Release|x86.ActiveCfg = Release|Win32
		{A879884F-5CB1-409A-A381-8DE391988D29}.Release|x86.Build.0 = Release|Win32
	EndGlobalSection
	GlobalSection(SolutionProperties) = preSolution
		HideSolutionNode = FALSE
	EndGlobalSection
	GlobalSection(ExtensibilityGlobals) = postSolution
		SolutionGuid = {DB2181DC-52A8-4586-9B31-48BE903FCCBB}
	EndGlobalSection
EndGlobal
